
Microsoft Visual Studio Solution File, Format Version 12.00
# Visual Studio 14
VisualStudioVersion = 14.0.25420.1
MinimumVisualStudioVersion = 10.0.40219.1
Project("{FAE04EC0-301F-11D3-BF4B-00C04F79EFBC}") = "calculadora.Droid", "calculadora\calculadora.Droid\calculadora.Droid.csproj", "{B259A835-05E9-49B9-BCFC-97D07F7514A6}"
EndProject
Project("{FAE04EC0-301F-11D3-BF4B-00C04F79EFBC}") = "calculadora.iOS", "calculadora\calculadora.iOS\calculadora.iOS.csproj", "{6E4AC7DF-DDE3-4117-A994-3A2CD59D7915}"
EndProject
Project("{FAE04EC0-301F-11D3-BF4B-00C04F79EFBC}") = "calculadora.WinPhone", "calculadora\calculadora.WinPhone\calculadora.WinPhone.csproj", "{82EA4A0E-BFF8-4251-88A1-B7FE638221A5}"
EndProject
Project("{FAE04EC0-301F-11D3-BF4B-00C04F79EFBC}") = "calculadora.UWP", "calculadora\calculadora.UWP\calculadora.UWP.csproj", "{66F92E20-09AC-4643-8CF1-5EC987DBEA32}"
EndProject
Project("{FAE04EC0-301F-11D3-BF4B-00C04F79EFBC}") = "calculadora.Windows", "calculadora\calculadora.Windows\calculadora.Windows.csproj", "{44D4E9AA-F1E4-499B-AC9F-170396CC708D}"
EndProject
Project("{FAE04EC0-301F-11D3-BF4B-00C04F79EFBC}") = "calculadora", "calculadora\calculadora\calculadora.csproj", "{919A3DD8-4D2C-4316-A0EB-729B5E38DE8C}"
EndProject
Global
	GlobalSection(SolutionConfigurationPlatforms) = preSolution
		Ad-Hoc|Any CPU = Ad-Hoc|Any CPU
		Ad-Hoc|ARM = Ad-Hoc|ARM
		Ad-Hoc|iPhone = Ad-Hoc|iPhone
		Ad-Hoc|iPhoneSimulator = Ad-Hoc|iPhoneSimulator
		Ad-Hoc|x64 = Ad-Hoc|x64
		Ad-Hoc|x86 = Ad-Hoc|x86
		AppStore|Any CPU = AppStore|Any CPU
		AppStore|ARM = AppStore|ARM
		AppStore|iPhone = AppStore|iPhone
		AppStore|iPhoneSimulator = AppStore|iPhoneSimulator
		AppStore|x64 = AppStore|x64
		AppStore|x86 = AppStore|x86
		Debug|Any CPU = Debug|Any CPU
		Debug|ARM = Debug|ARM
		Debug|iPhone = Debug|iPhone
		Debug|iPhoneSimulator = Debug|iPhoneSimulator
		Debug|x64 = Debug|x64
		Debug|x86 = Debug|x86
		Release|Any CPU = Release|Any CPU
		Release|ARM = Release|ARM
		Release|iPhone = Release|iPhone
		Release|iPhoneSimulator = Release|iPhoneSimulator
		Release|x64 = Release|x64
		Release|x86 = Release|x86
	EndGlobalSection
	GlobalSection(ProjectConfigurationPlatforms) = postSolution
		{B259A835-05E9-49B9-BCFC-97D07F7514A6}.Ad-Hoc|Any CPU.ActiveCfg = Release|Any CPU
		{B259A835-05E9-49B9-BCFC-97D07F7514A6}.Ad-Hoc|Any CPU.Build.0 = Release|Any CPU
		{B259A835-05E9-49B9-BCFC-97D07F7514A6}.Ad-Hoc|Any CPU.Deploy.0 = Release|Any CPU
		{B259A835-05E9-49B9-BCFC-97D07F7514A6}.Ad-Hoc|ARM.ActiveCfg = Release|Any CPU
		{B259A835-05E9-49B9-BCFC-97D07F7514A6}.Ad-Hoc|ARM.Build.0 = Release|Any CPU
		{B259A835-05E9-49B9-BCFC-97D07F7514A6}.Ad-Hoc|ARM.Deploy.0 = Release|Any CPU
		{B259A835-05E9-49B9-BCFC-97D07F7514A6}.Ad-Hoc|iPhone.ActiveCfg = Release|Any CPU
		{B259A835-05E9-49B9-BCFC-97D07F7514A6}.Ad-Hoc|iPhone.Build.0 = Release|Any CPU
		{B259A835-05E9-49B9-BCFC-97D07F7514A6}.Ad-Hoc|iPhone.Deploy.0 = Release|Any CPU
		{B259A835-05E9-49B9-BCFC-97D07F7514A6}.Ad-Hoc|iPhoneSimulator.ActiveCfg = Release|Any CPU
		{B259A835-05E9-49B9-BCFC-97D07F7514A6}.Ad-Hoc|iPhoneSimulator.Build.0 = Release|Any CPU
		{B259A835-05E9-49B9-BCFC-97D07F7514A6}.Ad-Hoc|iPhoneSimulator.Deploy.0 = Release|Any CPU
		{B259A835-05E9-49B9-BCFC-97D07F7514A6}.Ad-Hoc|x64.ActiveCfg = Release|Any CPU
		{B259A835-05E9-49B9-BCFC-97D07F7514A6}.Ad-Hoc|x64.Build.0 = Release|Any CPU
		{B259A835-05E9-49B9-BCFC-97D07F7514A6}.Ad-Hoc|x64.Deploy.0 = Release|Any CPU
		{B259A835-05E9-49B9-BCFC-97D07F7514A6}.Ad-Hoc|x86.ActiveCfg = Release|Any CPU
		{B259A835-05E9-49B9-BCFC-97D07F7514A6}.Ad-Hoc|x86.Build.0 = Release|Any CPU
		{B259A835-05E9-49B9-BCFC-97D07F7514A6}.Ad-Hoc|x86.Deploy.0 = Release|Any CPU
		{B259A835-05E9-49B9-BCFC-97D07F7514A6}.AppStore|Any CPU.ActiveCfg = Release|Any CPU
		{B259A835-05E9-49B9-BCFC-97D07F7514A6}.AppStore|Any CPU.Build.0 = Release|Any CPU
		{B259A835-05E9-49B9-BCFC-97D07F7514A6}.AppStore|Any CPU.Deploy.0 = Release|Any CPU
		{B259A835-05E9-49B9-BCFC-97D07F7514A6}.AppStore|ARM.ActiveCfg = Release|Any CPU
		{B259A835-05E9-49B9-BCFC-97D07F7514A6}.AppStore|ARM.Build.0 = Release|Any CPU
		{B259A835-05E9-49B9-BCFC-97D07F7514A6}.AppStore|ARM.Deploy.0 = Release|Any CPU
		{B259A835-05E9-49B9-BCFC-97D07F7514A6}.AppStore|iPhone.ActiveCfg = Release|Any CPU
		{B259A835-05E9-49B9-BCFC-97D07F7514A6}.AppStore|iPhone.Build.0 = Release|Any CPU
		{B259A835-05E9-49B9-BCFC-97D07F7514A6}.AppStore|iPhone.Deploy.0 = Release|Any CPU
		{B259A835-05E9-49B9-BCFC-97D07F7514A6}.AppStore|iPhoneSimulator.ActiveCfg = Release|Any CPU
		{B259A835-05E9-49B9-BCFC-97D07F7514A6}.AppStore|iPhoneSimulator.Build.0 = Release|Any CPU
		{B259A835-05E9-49B9-BCFC-97D07F7514A6}.AppStore|iPhoneSimulator.Deploy.0 = Release|Any CPU
		{B259A835-05E9-49B9-BCFC-97D07F7514A6}.AppStore|x64.ActiveCfg = Release|Any CPU
		{B259A835-05E9-49B9-BCFC-97D07F7514A6}.AppStore|x64.Build.0 = Release|Any CPU
		{B259A835-05E9-49B9-BCFC-97D07F7514A6}.AppStore|x64.Deploy.0 = Release|Any CPU
		{B259A835-05E9-49B9-BCFC-97D07F7514A6}.AppStore|x86.ActiveCfg = Release|Any CPU
		{B259A835-05E9-49B9-BCFC-97D07F7514A6}.AppStore|x86.Build.0 = Release|Any CPU
		{B259A835-05E9-49B9-BCFC-97D07F7514A6}.AppStore|x86.Deploy.0 = Release|Any CPU
		{B259A835-05E9-49B9-BCFC-97D07F7514A6}.Debug|Any CPU.ActiveCfg = Debug|Any CPU
		{B259A835-05E9-49B9-BCFC-97D07F7514A6}.Debug|Any CPU.Build.0 = Debug|Any CPU
		{B259A835-05E9-49B9-BCFC-97D07F7514A6}.Debug|Any CPU.Deploy.0 = Debug|Any CPU
		{B259A835-05E9-49B9-BCFC-97D07F7514A6}.Debug|ARM.ActiveCfg = Debug|Any CPU
		{B259A835-05E9-49B9-BCFC-97D07F7514A6}.Debug|ARM.Build.0 = Debug|Any CPU
		{B259A835-05E9-49B9-BCFC-97D07F7514A6}.Debug|ARM.Deploy.0 = Debug|Any CPU
		{B259A835-05E9-49B9-BCFC-97D07F7514A6}.Debug|iPhone.ActiveCfg = Debug|Any CPU
		{B259A835-05E9-49B9-BCFC-97D07F7514A6}.Debug|iPhone.Build.0 = Debug|Any CPU
		{B259A835-05E9-49B9-BCFC-97D07F7514A6}.Debug|iPhone.Deploy.0 = Debug|Any CPU
		{B259A835-05E9-49B9-BCFC-97D07F7514A6}.Debug|iPhoneSimulator.ActiveCfg = Debug|Any CPU
		{B259A835-05E9-49B9-BCFC-97D07F7514A6}.Debug|iPhoneSimulator.Build.0 = Debug|Any CPU
		{B259A835-05E9-49B9-BCFC-97D07F7514A6}.Debug|iPhoneSimulator.Deploy.0 = Debug|Any CPU
		{B259A835-05E9-49B9-BCFC-97D07F7514A6}.Debug|x64.ActiveCfg = Debug|Any CPU
		{B259A835-05E9-49B9-BCFC-97D07F7514A6}.Debug|x64.Build.0 = Debug|Any CPU
		{B259A835-05E9-49B9-BCFC-97D07F7514A6}.Debug|x64.Deploy.0 = Debug|Any CPU
		{B259A835-05E9-49B9-BCFC-97D07F7514A6}.Debug|x86.ActiveCfg = Debug|Any CPU
		{B259A835-05E9-49B9-BCFC-97D07F7514A6}.Debug|x86.Build.0 = Debug|Any CPU
		{B259A835-05E9-49B9-BCFC-97D07F7514A6}.Debug|x86.Deploy.0 = Debug|Any CPU
		{B259A835-05E9-49B9-BCFC-97D07F7514A6}.Release|Any CPU.ActiveCfg = Release|Any CPU
		{B259A835-05E9-49B9-BCFC-97D07F7514A6}.Release|Any CPU.Build.0 = Release|Any CPU
		{B259A835-05E9-49B9-BCFC-97D07F7514A6}.Release|Any CPU.Deploy.0 = Release|Any CPU
		{B259A835-05E9-49B9-BCFC-97D07F7514A6}.Release|ARM.ActiveCfg = Release|Any CPU
		{B259A835-05E9-49B9-BCFC-97D07F7514A6}.Release|ARM.Build.0 = Release|Any CPU
		{B259A835-05E9-49B9-BCFC-97D07F7514A6}.Release|ARM.Deploy.0 = Release|Any CPU
		{B259A835-05E9-49B9-BCFC-97D07F7514A6}.Release|iPhone.ActiveCfg = Release|Any CPU
		{B259A835-05E9-49B9-BCFC-97D07F7514A6}.Release|iPhone.Build.0 = Release|Any CPU
		{B259A835-05E9-49B9-BCFC-97D07F7514A6}.Release|iPhone.Deploy.0 = Release|Any CPU
		{B259A835-05E9-49B9-BCFC-97D07F7514A6}.Release|iPhoneSimulator.ActiveCfg = Release|Any CPU
		{B259A835-05E9-49B9-BCFC-97D07F7514A6}.Release|iPhoneSimulator.Build.0 = Release|Any CPU
		{B259A835-05E9-49B9-BCFC-97D07F7514A6}.Release|iPhoneSimulator.Deploy.0 = Release|Any CPU
		{B259A835-05E9-49B9-BCFC-97D07F7514A6}.Release|x64.ActiveCfg = Release|Any CPU
		{B259A835-05E9-49B9-BCFC-97D07F7514A6}.Release|x64.Build.0 = Release|Any CPU
		{B259A835-05E9-49B9-BCFC-97D07F7514A6}.Release|x64.Deploy.0 = Release|Any CPU
		{B259A835-05E9-49B9-BCFC-97D07F7514A6}.Release|x86.ActiveCfg = Release|Any CPU
		{B259A835-05E9-49B9-BCFC-97D07F7514A6}.Release|x86.Build.0 = Release|Any CPU
		{B259A835-05E9-49B9-BCFC-97D07F7514A6}.Release|x86.Deploy.0 = Release|Any CPU
		{6E4AC7DF-DDE3-4117-A994-3A2CD59D7915}.Ad-Hoc|Any CPU.ActiveCfg = Ad-Hoc|iPhone
		{6E4AC7DF-DDE3-4117-A994-3A2CD59D7915}.Ad-Hoc|ARM.ActiveCfg = Ad-Hoc|iPhone
		{6E4AC7DF-DDE3-4117-A994-3A2CD59D7915}.Ad-Hoc|iPhone.ActiveCfg = Ad-Hoc|iPhone
		{6E4AC7DF-DDE3-4117-A994-3A2CD59D7915}.Ad-Hoc|iPhone.Build.0 = Ad-Hoc|iPhone
		{6E4AC7DF-DDE3-4117-A994-3A2CD59D7915}.Ad-Hoc|iPhoneSimulator.ActiveCfg = Ad-Hoc|iPhoneSimulator
		{6E4AC7DF-DDE3-4117-A994-3A2CD59D7915}.Ad-Hoc|iPhoneSimulator.Build.0 = Ad-Hoc|iPhoneSimulator
		{6E4AC7DF-DDE3-4117-A994-3A2CD59D7915}.Ad-Hoc|x64.ActiveCfg = Ad-Hoc|iPhone
		{6E4AC7DF-DDE3-4117-A994-3A2CD59D7915}.Ad-Hoc|x86.ActiveCfg = Ad-Hoc|iPhone
		{6E4AC7DF-DDE3-4117-A994-3A2CD59D7915}.AppStore|Any CPU.ActiveCfg = AppStore|iPhone
		{6E4AC7DF-DDE3-4117-A994-3A2CD59D7915}.AppStore|ARM.ActiveCfg = AppStore|iPhone
		{6E4AC7DF-DDE3-4117-A994-3A2CD59D7915}.AppStore|iPhone.ActiveCfg = AppStore|iPhone
		{6E4AC7DF-DDE3-4117-A994-3A2CD59D7915}.AppStore|iPhone.Build.0 = AppStore|iPhone
		{6E4AC7DF-DDE3-4117-A994-3A2CD59D7915}.AppStore|iPhoneSimulator.ActiveCfg = AppStore|iPhoneSimulator
		{6E4AC7DF-DDE3-4117-A994-3A2CD59D7915}.AppStore|iPhoneSimulator.Build.0 = AppStore|iPhoneSimulator
		{6E4AC7DF-DDE3-4117-A994-3A2CD59D7915}.AppStore|x64.ActiveCfg = AppStore|iPhone
		{6E4AC7DF-DDE3-4117-A994-3A2CD59D7915}.AppStore|x86.ActiveCfg = AppStore|iPhone
		{6E4AC7DF-DDE3-4117-A994-3A2CD59D7915}.Debug|Any CPU.ActiveCfg = Debug|iPhone
		{6E4AC7DF-DDE3-4117-A994-3A2CD59D7915}.Debug|Any CPU.Build.0 = Debug|iPhone
		{6E4AC7DF-DDE3-4117-A994-3A2CD59D7915}.Debug|ARM.ActiveCfg = Debug|iPhone
		{6E4AC7DF-DDE3-4117-A994-3A2CD59D7915}.Debug|iPhone.ActiveCfg = Debug|iPhone
		{6E4AC7DF-DDE3-4117-A994-3A2CD59D7915}.Debug|iPhone.Build.0 = Debug|iPhone
		{6E4AC7DF-DDE3-4117-A994-3A2CD59D7915}.Debug|iPhoneSimulator.ActiveCfg = Debug|iPhoneSimulator
		{6E4AC7DF-DDE3-4117-A994-3A2CD59D7915}.Debug|iPhoneSimulator.Build.0 = Debug|iPhoneSimulator
		{6E4AC7DF-DDE3-4117-A994-3A2CD59D7915}.Debug|x64.ActiveCfg = Debug|iPhone
		{6E4AC7DF-DDE3-4117-A994-3A2CD59D7915}.Debug|x86.ActiveCfg = Debug|iPhone
		{6E4AC7DF-DDE3-4117-A994-3A2CD59D7915}.Release|Any CPU.ActiveCfg = Release|iPhone
		{6E4AC7DF-DDE3-4117-A994-3A2CD59D7915}.Release|ARM.ActiveCfg = Release|iPhone
		{6E4AC7DF-DDE3-4117-A994-3A2CD59D7915}.Release|iPhone.ActiveCfg = Release|iPhone
		{6E4AC7DF-DDE3-4117-A994-3A2CD59D7915}.Release|iPhone.Build.0 = Release|iPhone
		{6E4AC7DF-DDE3-4117-A994-3A2CD59D7915}.Release|iPhoneSimulator.ActiveCfg = Release|iPhoneSimulator
		{6E4AC7DF-DDE3-4117-A994-3A2CD59D7915}.Release|iPhoneSimulator.Build.0 = Release|iPhoneSimulator
		{6E4AC7DF-DDE3-4117-A994-3A2CD59D7915}.Release|x64.ActiveCfg = Release|iPhone
		{6E4AC7DF-DDE3-4117-A994-3A2CD59D7915}.Release|x86.ActiveCfg = Release|iPhone
		{82EA4A0E-BFF8-4251-88A1-B7FE638221A5}.Ad-Hoc|Any CPU.ActiveCfg = Release|Any CPU
		{82EA4A0E-BFF8-4251-88A1-B7FE638221A5}.Ad-Hoc|Any CPU.Build.0 = Release|Any CPU
		{82EA4A0E-BFF8-4251-88A1-B7FE638221A5}.Ad-Hoc|Any CPU.Deploy.0 = Release|Any CPU
		{82EA4A0E-BFF8-4251-88A1-B7FE638221A5}.Ad-Hoc|ARM.ActiveCfg = Release|ARM
		{82EA4A0E-BFF8-4251-88A1-B7FE638221A5}.Ad-Hoc|ARM.Build.0 = Release|ARM
		{82EA4A0E-BFF8-4251-88A1-B7FE638221A5}.Ad-Hoc|ARM.Deploy.0 = Release|ARM
		{82EA4A0E-BFF8-4251-88A1-B7FE638221A5}.Ad-Hoc|iPhone.ActiveCfg = Release|Any CPU
		{82EA4A0E-BFF8-4251-88A1-B7FE638221A5}.Ad-Hoc|iPhone.Build.0 = Release|Any CPU
		{82EA4A0E-BFF8-4251-88A1-B7FE638221A5}.Ad-Hoc|iPhone.Deploy.0 = Release|Any CPU
		{82EA4A0E-BFF8-4251-88A1-B7FE638221A5}.Ad-Hoc|iPhoneSimulator.ActiveCfg = Release|Any CPU
		{82EA4A0E-BFF8-4251-88A1-B7FE638221A5}.Ad-Hoc|iPhoneSimulator.Build.0 = Release|Any CPU
		{82EA4A0E-BFF8-4251-88A1-B7FE638221A5}.Ad-Hoc|iPhoneSimulator.Deploy.0 = Release|Any CPU
		{82EA4A0E-BFF8-4251-88A1-B7FE638221A5}.Ad-Hoc|x64.ActiveCfg = Release|Any CPU
		{82EA4A0E-BFF8-4251-88A1-B7FE638221A5}.Ad-Hoc|x64.Build.0 = Release|Any CPU
		{82EA4A0E-BFF8-4251-88A1-B7FE638221A5}.Ad-Hoc|x64.Deploy.0 = Release|Any CPU
		{82EA4A0E-BFF8-4251-88A1-B7FE638221A5}.Ad-Hoc|x86.ActiveCfg = Release|x86
		{82EA4A0E-BFF8-4251-88A1-B7FE638221A5}.Ad-Hoc|x86.Build.0 = Release|x86
		{82EA4A0E-BFF8-4251-88A1-B7FE638221A5}.Ad-Hoc|x86.Deploy.0 = Release|x86
		{82EA4A0E-BFF8-4251-88A1-B7FE638221A5}.AppStore|Any CPU.ActiveCfg = Release|Any CPU
		{82EA4A0E-BFF8-4251-88A1-B7FE638221A5}.AppStore|Any CPU.Build.0 = Release|Any CPU
		{82EA4A0E-BFF8-4251-88A1-B7FE638221A5}.AppStore|Any CPU.Deploy.0 = Release|Any CPU
		{82EA4A0E-BFF8-4251-88A1-B7FE638221A5}.AppStore|ARM.ActiveCfg = Release|ARM
		{82EA4A0E-BFF8-4251-88A1-B7FE638221A5}.AppStore|ARM.Build.0 = Release|ARM
		{82EA4A0E-BFF8-4251-88A1-B7FE638221A5}.AppStore|ARM.Deploy.0 = Release|ARM
		{82EA4A0E-BFF8-4251-88A1-B7FE638221A5}.AppStore|iPhone.ActiveCfg = Release|Any CPU
		{82EA4A0E-BFF8-4251-88A1-B7FE638221A5}.AppStore|iPhone.Build.0 = Release|Any CPU
		{82EA4A0E-BFF8-4251-88A1-B7FE638221A5}.AppStore|iPhone.Deploy.0 = Release|Any CPU
		{82EA4A0E-BFF8-4251-88A1-B7FE638221A5}.AppStore|iPhoneSimulator.ActiveCfg = Release|Any CPU
		{82EA4A0E-BFF8-4251-88A1-B7FE638221A5}.AppStore|iPhoneSimulator.Build.0 = Release|Any CPU
		{82EA4A0E-BFF8-4251-88A1-B7FE638221A5}.AppStore|iPhoneSimulator.Deploy.0 = Release|Any CPU
		{82EA4A0E-BFF8-4251-88A1-B7FE638221A5}.AppStore|x64.ActiveCfg = Release|Any CPU
		{82EA4A0E-BFF8-4251-88A1-B7FE638221A5}.AppStore|x64.Build.0 = Release|Any CPU
		{82EA4A0E-BFF8-4251-88A1-B7FE638221A5}.AppStore|x64.Deploy.0 = Release|Any CPU
		{82EA4A0E-BFF8-4251-88A1-B7FE638221A5}.AppStore|x86.ActiveCfg = Release|x86
		{82EA4A0E-BFF8-4251-88A1-B7FE638221A5}.AppStore|x86.Build.0 = Release|x86
		{82EA4A0E-BFF8-4251-88A1-B7FE638221A5}.AppStore|x86.Deploy.0 = Release|x86
		{82EA4A0E-BFF8-4251-88A1-B7FE638221A5}.Debug|Any CPU.ActiveCfg = Debug|Any CPU
		{82EA4A0E-BFF8-4251-88A1-B7FE638221A5}.Debug|Any CPU.Build.0 = Debug|Any CPU
		{82EA4A0E-BFF8-4251-88A1-B7FE638221A5}.Debug|Any CPU.Deploy.0 = Debug|Any CPU
		{82EA4A0E-BFF8-4251-88A1-B7FE638221A5}.Debug|ARM.ActiveCfg = Debug|ARM
		{82EA4A0E-BFF8-4251-88A1-B7FE638221A5}.Debug|ARM.Build.0 = Debug|ARM
		{82EA4A0E-BFF8-4251-88A1-B7FE638221A5}.Debug|ARM.Deploy.0 = Debug|ARM
		{82EA4A0E-BFF8-4251-88A1-B7FE638221A5}.Debug|iPhone.ActiveCfg = Debug|Any CPU
		{82EA4A0E-BFF8-4251-88A1-B7FE638221A5}.Debug|iPhone.Build.0 = Debug|Any CPU
		{82EA4A0E-BFF8-4251-88A1-B7FE638221A5}.Debug|iPhone.Deploy.0 = Debug|Any CPU
		{82EA4A0E-BFF8-4251-88A1-B7FE638221A5}.Debug|iPhoneSimulator.ActiveCfg = Debug|Any CPU
		{82EA4A0E-BFF8-4251-88A1-B7FE638221A5}.Debug|iPhoneSimulator.Build.0 = Debug|Any CPU
		{82EA4A0E-BFF8-4251-88A1-B7FE638221A5}.Debug|iPhoneSimulator.Deploy.0 = Debug|Any CPU
		{82EA4A0E-BFF8-4251-88A1-B7FE638221A5}.Debug|x64.ActiveCfg = Debug|Any CPU
		{82EA4A0E-BFF8-4251-88A1-B7FE638221A5}.Debug|x64.Build.0 = Debug|Any CPU
		{82EA4A0E-BFF8-4251-88A1-B7FE638221A5}.Debug|x64.Deploy.0 = Debug|Any CPU
		{82EA4A0E-BFF8-4251-88A1-B7FE638221A5}.Debug|x86.ActiveCfg = Debug|x86
		{82EA4A0E-BFF8-4251-88A1-B7FE638221A5}.Debug|x86.Build.0 = Debug|x86
		{82EA4A0E-BFF8-4251-88A1-B7FE638221A5}.Debug|x86.Deploy.0 = Debug|x86
		{82EA4A0E-BFF8-4251-88A1-B7FE638221A5}.Release|Any CPU.ActiveCfg = Release|Any CPU
		{82EA4A0E-BFF8-4251-88A1-B7FE638221A5}.Release|Any CPU.Build.0 = Release|Any CPU
		{82EA4A0E-BFF8-4251-88A1-B7FE638221A5}.Release|Any CPU.Deploy.0 = Release|Any CPU
		{82EA4A0E-BFF8-4251-88A1-B7FE638221A5}.Release|ARM.ActiveCfg = Release|ARM
		{82EA4A0E-BFF8-4251-88A1-B7FE638221A5}.Release|ARM.Build.0 = Release|ARM
		{82EA4A0E-BFF8-4251-88A1-B7FE638221A5}.Release|ARM.Deploy.0 = Release|ARM
		{82EA4A0E-BFF8-4251-88A1-B7FE638221A5}.Release|iPhone.ActiveCfg = Release|Any CPU
		{82EA4A0E-BFF8-4251-88A1-B7FE638221A5}.Release|iPhone.Build.0 = Release|Any CPU
		{82EA4A0E-BFF8-4251-88A1-B7FE638221A5}.Release|iPhone.Deploy.0 = Release|Any CPU
		{82EA4A0E-BFF8-4251-88A1-B7FE638221A5}.Release|iPhoneSimulator.ActiveCfg = Release|Any CPU
		{82EA4A0E-BFF8-4251-88A1-B7FE638221A5}.Release|iPhoneSimulator.Build.0 = Release|Any CPU
		{82EA4A0E-BFF8-4251-88A1-B7FE638221A5}.Release|iPhoneSimulator.Deploy.0 = Release|Any CPU
		{82EA4A0E-BFF8-4251-88A1-B7FE638221A5}.Release|x64.ActiveCfg = Release|Any CPU
		{82EA4A0E-BFF8-4251-88A1-B7FE638221A5}.Release|x64.Build.0 = Release|Any CPU
		{82EA4A0E-BFF8-4251-88A1-B7FE638221A5}.Release|x64.Deploy.0 = Release|Any CPU
		{82EA4A0E-BFF8-4251-88A1-B7FE638221A5}.Release|x86.ActiveCfg = Release|x86
		{82EA4A0E-BFF8-4251-88A1-B7FE638221A5}.Release|x86.Build.0 = Release|x86
		{82EA4A0E-BFF8-4251-88A1-B7FE638221A5}.Release|x86.Deploy.0 = Release|x86
		{66F92E20-09AC-4643-8CF1-5EC987DBEA32}.Ad-Hoc|Any CPU.ActiveCfg = Release|x86
		{66F92E20-09AC-4643-8CF1-5EC987DBEA32}.Ad-Hoc|Any CPU.Build.0 = Release|x86
		{66F92E20-09AC-4643-8CF1-5EC987DBEA32}.Ad-Hoc|Any CPU.Deploy.0 = Release|x86
		{66F92E20-09AC-4643-8CF1-5EC987DBEA32}.Ad-Hoc|ARM.ActiveCfg = Release|ARM
		{66F92E20-09AC-4643-8CF1-5EC987DBEA32}.Ad-Hoc|ARM.Build.0 = Release|ARM
		{66F92E20-09AC-4643-8CF1-5EC987DBEA32}.Ad-Hoc|ARM.Deploy.0 = Release|ARM
		{66F92E20-09AC-4643-8CF1-5EC987DBEA32}.Ad-Hoc|iPhone.ActiveCfg = Release|x86
		{66F92E20-09AC-4643-8CF1-5EC987DBEA32}.Ad-Hoc|iPhone.Build.0 = Release|x86
		{66F92E20-09AC-4643-8CF1-5EC987DBEA32}.Ad-Hoc|iPhone.Deploy.0 = Release|x86
		{66F92E20-09AC-4643-8CF1-5EC987DBEA32}.Ad-Hoc|iPhoneSimulator.ActiveCfg = Release|x86
		{66F92E20-09AC-4643-8CF1-5EC987DBEA32}.Ad-Hoc|iPhoneSimulator.Build.0 = Release|x86
		{66F92E20-09AC-4643-8CF1-5EC987DBEA32}.Ad-Hoc|iPhoneSimulator.Deploy.0 = Release|x86
		{66F92E20-09AC-4643-8CF1-5EC987DBEA32}.Ad-Hoc|x64.ActiveCfg = Release|x64
		{66F92E20-09AC-4643-8CF1-5EC987DBEA32}.Ad-Hoc|x64.Build.0 = Release|x64
		{66F92E20-09AC-4643-8CF1-5EC987DBEA32}.Ad-Hoc|x64.Deploy.0 = Release|x64
		{66F92E20-09AC-4643-8CF1-5EC987DBEA32}.Ad-Hoc|x86.ActiveCfg = Release|x86
		{66F92E20-09AC-4643-8CF1-5EC987DBEA32}.Ad-Hoc|x86.Build.0 = Release|x86
		{66F92E20-09AC-4643-8CF1-5EC987DBEA32}.Ad-Hoc|x86.Deploy.0 = Release|x86
		{66F92E20-09AC-4643-8CF1-5EC987DBEA32}.AppStore|Any CPU.ActiveCfg = Release|x86
		{66F92E20-09AC-4643-8CF1-5EC987DBEA32}.AppStore|Any CPU.Build.0 = Release|x86
		{66F92E20-09AC-4643-8CF1-5EC987DBEA32}.AppStore|Any CPU.Deploy.0 = Release|x86
		{66F92E20-09AC-4643-8CF1-5EC987DBEA32}.AppStore|ARM.ActiveCfg = Release|ARM
		{66F92E20-09AC-4643-8CF1-5EC987DBEA32}.AppStore|ARM.Build.0 = Release|ARM
		{66F92E20-09AC-4643-8CF1-5EC987DBEA32}.AppStore|ARM.Deploy.0 = Release|ARM
		{66F92E20-09AC-4643-8CF1-5EC987DBEA32}.AppStore|iPhone.ActiveCfg = Release|x86
		{66F92E20-09AC-4643-8CF1-5EC987DBEA32}.AppStore|iPhone.Build.0 = Release|x86
		{66F92E20-09AC-4643-8CF1-5EC987DBEA32}.AppStore|iPhone.Deploy.0 = Release|x86
		{66F92E20-09AC-4643-8CF1-5EC987DBEA32}.AppStore|iPhoneSimulator.ActiveCfg = Release|x86
		{66F92E20-09AC-4643-8CF1-5EC987DBEA32}.AppStore|iPhoneSimulator.Build.0 = Release|x86
		{66F92E20-09AC-4643-8CF1-5EC987DBEA32}.AppStore|iPhoneSimulator.Deploy.0 = Release|x86
		{66F92E20-09AC-4643-8CF1-5EC987DBEA32}.AppStore|x64.ActiveCfg = Release|x64
		{66F92E20-09AC-4643-8CF1-5EC987DBEA32}.AppStore|x64.Build.0 = Release|x64
		{66F92E20-09AC-4643-8CF1-5EC987DBEA32}.AppStore|x64.Deploy.0 = Release|x64
		{66F92E20-09AC-4643-8CF1-5EC987DBEA32}.AppStore|x86.ActiveCfg = Release|x86
		{66F92E20-09AC-4643-8CF1-5EC987DBEA32}.AppStore|x86.Build.0 = Release|x86
		{66F92E20-09AC-4643-8CF1-5EC987DBEA32}.AppStore|x86.Deploy.0 = Release|x86
		{66F92E20-09AC-4643-8CF1-5EC987DBEA32}.Debug|Any CPU.ActiveCfg = Debug|x86
		{66F92E20-09AC-4643-8CF1-5EC987DBEA32}.Debug|Any CPU.Build.0 = Debug|x86
		{66F92E20-09AC-4643-8CF1-5EC987DBEA32}.Debug|Any CPU.Deploy.0 = Debug|x86
		{66F92E20-09AC-4643-8CF1-5EC987DBEA32}.Debug|ARM.ActiveCfg = Debug|ARM
		{66F92E20-09AC-4643-8CF1-5EC987DBEA32}.Debug|ARM.Build.0 = Debug|ARM
		{66F92E20-09AC-4643-8CF1-5EC987DBEA32}.Debug|ARM.Deploy.0 = Debug|ARM
		{66F92E20-09AC-4643-8CF1-5EC987DBEA32}.Debug|iPhone.ActiveCfg = Debug|x86
		{66F92E20-09AC-4643-8CF1-5EC987DBEA32}.Debug|iPhoneSimulator.ActiveCfg = Debug|x86
		{66F92E20-09AC-4643-8CF1-5EC987DBEA32}.Debug|iPhoneSimulator.Build.0 = Debug|x86
		{66F92E20-09AC-4643-8CF1-5EC987DBEA32}.Debug|iPhoneSimulator.Deploy.0 = Debug|x86
		{66F92E20-09AC-4643-8CF1-5EC987DBEA32}.Debug|x64.ActiveCfg = Debug|x64
		{66F92E20-09AC-4643-8CF1-5EC987DBEA32}.Debug|x64.Build.0 = Debug|x64
		{66F92E20-09AC-4643-8CF1-5EC987DBEA32}.Debug|x64.Deploy.0 = Debug|x64
		{66F92E20-09AC-4643-8CF1-5EC987DBEA32}.Debug|x86.ActiveCfg = Debug|x86
		{66F92E20-09AC-4643-8CF1-5EC987DBEA32}.Debug|x86.Build.0 = Debug|x86
		{66F92E20-09AC-4643-8CF1-5EC987DBEA32}.Debug|x86.Deploy.0 = Debug|x86
		{66F92E20-09AC-4643-8CF1-5EC987DBEA32}.Release|Any CPU.ActiveCfg = Release|x86
		{66F92E20-09AC-4643-8CF1-5EC987DBEA32}.Release|ARM.ActiveCfg = Release|ARM
		{66F92E20-09AC-4643-8CF1-5EC987DBEA32}.Release|ARM.Build.0 = Release|ARM
		{66F92E20-09AC-4643-8CF1-5EC987DBEA32}.Release|ARM.Deploy.0 = Release|ARM
		{66F92E20-09AC-4643-8CF1-5EC987DBEA32}.Release|iPhone.ActiveCfg = Release|x86
		{66F92E20-09AC-4643-8CF1-5EC987DBEA32}.Release|iPhoneSimulator.ActiveCfg = Release|x86
		{66F92E20-09AC-4643-8CF1-5EC987DBEA32}.Release|x64.ActiveCfg = Release|x64
		{66F92E20-09AC-4643-8CF1-5EC987DBEA32}.Release|x64.Build.0 = Release|x64
		{66F92E20-09AC-4643-8CF1-5EC987DBEA32}.Release|x64.Deploy.0 = Release|x64
		{66F92E20-09AC-4643-8CF1-5EC987DBEA32}.Release|x86.ActiveCfg = Release|x86
		{66F92E20-09AC-4643-8CF1-5EC987DBEA32}.Release|x86.Build.0 = Release|x86
		{66F92E20-09AC-4643-8CF1-5EC987DBEA32}.Release|x86.Deploy.0 = Release|x86
		{44D4E9AA-F1E4-499B-AC9F-170396CC708D}.Ad-Hoc|Any CPU.ActiveCfg = Release|Any CPU
		{44D4E9AA-F1E4-499B-AC9F-170396CC708D}.Ad-Hoc|Any CPU.Build.0 = Release|Any CPU
		{44D4E9AA-F1E4-499B-AC9F-170396CC708D}.Ad-Hoc|Any CPU.Deploy.0 = Release|Any CPU
		{44D4E9AA-F1E4-499B-AC9F-170396CC708D}.Ad-Hoc|ARM.ActiveCfg = Release|ARM
		{44D4E9AA-F1E4-499B-AC9F-170396CC708D}.Ad-Hoc|ARM.Build.0 = Release|ARM
		{44D4E9AA-F1E4-499B-AC9F-170396CC708D}.Ad-Hoc|ARM.Deploy.0 = Release|ARM
		{44D4E9AA-F1E4-499B-AC9F-170396CC708D}.Ad-Hoc|iPhone.ActiveCfg = Release|Any CPU
		{44D4E9AA-F1E4-499B-AC9F-170396CC708D}.Ad-Hoc|iPhone.Build.0 = Release|Any CPU
		{44D4E9AA-F1E4-499B-AC9F-170396CC708D}.Ad-Hoc|iPhone.Deploy.0 = Release|Any CPU
		{44D4E9AA-F1E4-499B-AC9F-170396CC708D}.Ad-Hoc|iPhoneSimulator.ActiveCfg = Release|Any CPU
		{44D4E9AA-F1E4-499B-AC9F-170396CC708D}.Ad-Hoc|iPhoneSimulator.Build.0 = Release|Any CPU
		{44D4E9AA-F1E4-499B-AC9F-170396CC708D}.Ad-Hoc|iPhoneSimulator.Deploy.0 = Release|Any CPU
		{44D4E9AA-F1E4-499B-AC9F-170396CC708D}.Ad-Hoc|x64.ActiveCfg = Release|x64
		{44D4E9AA-F1E4-499B-AC9F-170396CC708D}.Ad-Hoc|x64.Build.0 = Release|x64
		{44D4E9AA-F1E4-499B-AC9F-170396CC708D}.Ad-Hoc|x64.Deploy.0 = Release|x64
		{44D4E9AA-F1E4-499B-AC9F-170396CC708D}.Ad-Hoc|x86.ActiveCfg = Release|x86
		{44D4E9AA-F1E4-499B-AC9F-170396CC708D}.Ad-Hoc|x86.Build.0 = Release|x86
		{44D4E9AA-F1E4-499B-AC9F-170396CC708D}.Ad-Hoc|x86.Deploy.0 = Release|x86
		{44D4E9AA-F1E4-499B-AC9F-170396CC708D}.AppStore|Any CPU.ActiveCfg = Release|Any CPU
		{44D4E9AA-F1E4-499B-AC9F-170396CC708D}.AppStore|Any CPU.Build.0 = Release|Any CPU
		{44D4E9AA-F1E4-499B-AC9F-170396CC708D}.AppStore|Any CPU.Deploy.0 = Release|Any CPU
		{44D4E9AA-F1E4-499B-AC9F-170396CC708D}.AppStore|ARM.ActiveCfg = Release|ARM
		{44D4E9AA-F1E4-499B-AC9F-170396CC708D}.AppStore|ARM.Build.0 = Release|ARM
		{44D4E9AA-F1E4-499B-AC9F-170396CC708D}.AppStore|ARM.Deploy.0 = Release|ARM
		{44D4E9AA-F1E4-499B-AC9F-170396CC708D}.AppStore|iPhone.ActiveCfg = Release|Any CPU
		{44D4E9AA-F1E4-499B-AC9F-170396CC708D}.AppStore|iPhone.Build.0 = Release|Any CPU
		{44D4E9AA-F1E4-499B-AC9F-170396CC708D}.AppStore|iPhone.Deploy.0 = Release|Any CPU
		{44D4E9AA-F1E4-499B-AC9F-170396CC708D}.AppStore|iPhoneSimulator.ActiveCfg = Release|Any CPU
		{44D4E9AA-F1E4-499B-AC9F-170396CC708D}.AppStore|iPhoneSimulator.Build.0 = Release|Any CPU
		{44D4E9AA-F1E4-499B-AC9F-170396CC708D}.AppStore|iPhoneSimulator.Deploy.0 = Release|Any CPU
		{44D4E9AA-F1E4-499B-AC9F-170396CC708D}.AppStore|x64.ActiveCfg = Release|x64
		{44D4E9AA-F1E4-499B-AC9F-170396CC708D}.AppStore|x64.Build.0 = Release|x64
		{44D4E9AA-F1E4-499B-AC9F-170396CC708D}.AppStore|x64.Deploy.0 = Release|x64
		{44D4E9AA-F1E4-499B-AC9F-170396CC708D}.AppStore|x86.ActiveCfg = Release|x86
		{44D4E9AA-F1E4-499B-AC9F-170396CC708D}.AppStore|x86.Build.0 = Release|x86
		{44D4E9AA-F1E4-499B-AC9F-170396CC708D}.AppStore|x86.Deploy.0 = Release|x86
		{44D4E9AA-F1E4-499B-AC9F-170396CC708D}.Debug|Any CPU.ActiveCfg = Debug|Any CPU
		{44D4E9AA-F1E4-499B-AC9F-170396CC708D}.Debug|Any CPU.Build.0 = Debug|Any CPU
		{44D4E9AA-F1E4-499B-AC9F-170396CC708D}.Debug|Any CPU.Deploy.0 = Debug|Any CPU
		{44D4E9AA-F1E4-499B-AC9F-170396CC708D}.Debug|ARM.ActiveCfg = Debug|ARM
		{44D4E9AA-F1E4-499B-AC9F-170396CC708D}.Debug|ARM.Build.0 = Debug|ARM
		{44D4E9AA-F1E4-499B-AC9F-170396CC708D}.Debug|ARM.Deploy.0 = Debug|ARM
		{44D4E9AA-F1E4-499B-AC9F-170396CC708D}.Debug|iPhone.ActiveCfg = Debug|Any CPU
		{44D4E9AA-F1E4-499B-AC9F-170396CC708D}.Debug|iPhone.Build.0 = Debug|Any CPU
		{44D4E9AA-F1E4-499B-AC9F-170396CC708D}.Debug|iPhone.Deploy.0 = Debug|Any CPU
		{44D4E9AA-F1E4-499B-AC9F-170396CC708D}.Debug|iPhoneSimulator.ActiveCfg = Debug|Any CPU
		{44D4E9AA-F1E4-499B-AC9F-170396CC708D}.Debug|iPhoneSimulator.Build.0 = Debug|Any CPU
		{44D4E9AA-F1E4-499B-AC9F-170396CC708D}.Debug|iPhoneSimulator.Deploy.0 = Debug|Any CPU
		{44D4E9AA-F1E4-499B-AC9F-170396CC708D}.Debug|x64.ActiveCfg = Debug|x64
		{44D4E9AA-F1E4-499B-AC9F-170396CC708D}.Debug|x64.Build.0 = Debug|x64
		{44D4E9AA-F1E4-499B-AC9F-170396CC708D}.Debug|x64.Deploy.0 = Debug|x64
		{44D4E9AA-F1E4-499B-AC9F-170396CC708D}.Debug|x86.ActiveCfg = Debug|x86
		{44D4E9AA-F1E4-499B-AC9F-170396CC708D}.Debug|x86.Build.0 = Debug|x86
		{44D4E9AA-F1E4-499B-AC9F-170396CC708D}.Debug|x86.Deploy.0 = Debug|x86
		{44D4E9AA-F1E4-499B-AC9F-170396CC708D}.Release|Any CPU.ActiveCfg = Release|Any CPU
		{44D4E9AA-F1E4-499B-AC9F-170396CC708D}.Release|Any CPU.Build.0 = Release|Any CPU
		{44D4E9AA-F1E4-499B-AC9F-170396CC708D}.Release|Any CPU.Deploy.0 = Release|Any CPU
		{44D4E9AA-F1E4-499B-AC9F-170396CC708D}.Release|ARM.ActiveCfg = Release|ARM
		{44D4E9AA-F1E4-499B-AC9F-170396CC708D}.Release|ARM.Build.0 = Release|ARM
		{44D4E9AA-F1E4-499B-AC9F-170396CC708D}.Release|ARM.Deploy.0 = Release|ARM
		{44D4E9AA-F1E4-499B-AC9F-170396CC708D}.Release|iPhone.ActiveCfg = Release|Any CPU
		{44D4E9AA-F1E4-499B-AC9F-170396CC708D}.Release|iPhone.Build.0 = Release|Any CPU
		{44D4E9AA-F1E4-499B-AC9F-170396CC708D}.Release|iPhone.Deploy.0 = Release|Any CPU
		{44D4E9AA-F1E4-499B-AC9F-170396CC708D}.Release|iPhoneSimulator.ActiveCfg = Release|Any CPU
		{44D4E9AA-F1E4-499B-AC9F-170396CC708D}.Release|iPhoneSimulator.Build.0 = Release|Any CPU
		{44D4E9AA-F1E4-499B-AC9F-170396CC708D}.Release|iPhoneSimulator.Deploy.0 = Release|Any CPU
		{44D4E9AA-F1E4-499B-AC9F-170396CC708D}.Release|x64.ActiveCfg = Release|x64
		{44D4E9AA-F1E4-499B-AC9F-170396CC708D}.Release|x64.Build.0 = Release|x64
		{44D4E9AA-F1E4-499B-AC9F-170396CC708D}.Release|x64.Deploy.0 = Release|x64
		{44D4E9AA-F1E4-499B-AC9F-170396CC708D}.Release|x86.ActiveCfg = Release|x86
		{44D4E9AA-F1E4-499B-AC9F-170396CC708D}.Release|x86.Build.0 = Release|x86
		{44D4E9AA-F1E4-499B-AC9F-170396CC708D}.Release|x86.Deploy.0 = Release|x86
		{919A3DD8-4D2C-4316-A0EB-729B5E38DE8C}.Ad-Hoc|Any CPU.ActiveCfg = Release|Any CPU
		{919A3DD8-4D2C-4316-A0EB-729B5E38DE8C}.Ad-Hoc|Any CPU.Build.0 = Release|Any CPU
		{919A3DD8-4D2C-4316-A0EB-729B5E38DE8C}.Ad-Hoc|ARM.ActiveCfg = Release|Any CPU
		{919A3DD8-4D2C-4316-A0EB-729B5E38DE8C}.Ad-Hoc|ARM.Build.0 = Release|Any CPU
		{919A3DD8-4D2C-4316-A0EB-729B5E38DE8C}.Ad-Hoc|iPhone.ActiveCfg = Release|Any CPU
		{919A3DD8-4D2C-4316-A0EB-729B5E38DE8C}.Ad-Hoc|iPhone.Build.0 = Release|Any CPU
		{919A3DD8-4D2C-4316-A0EB-729B5E38DE8C}.Ad-Hoc|iPhoneSimulator.ActiveCfg = Release|Any CPU
		{919A3DD8-4D2C-4316-A0EB-729B5E38DE8C}.Ad-Hoc|iPhoneSimulator.Build.0 = Release|Any CPU
		{919A3DD8-4D2C-4316-A0EB-729B5E38DE8C}.Ad-Hoc|x64.ActiveCfg = Release|Any CPU
		{919A3DD8-4D2C-4316-A0EB-729B5E38DE8C}.Ad-Hoc|x64.Build.0 = Release|Any CPU
		{919A3DD8-4D2C-4316-A0EB-729B5E38DE8C}.Ad-Hoc|x86.ActiveCfg = Release|Any CPU
		{919A3DD8-4D2C-4316-A0EB-729B5E38DE8C}.Ad-Hoc|x86.Build.0 = Release|Any CPU
		{919A3DD8-4D2C-4316-A0EB-729B5E38DE8C}.AppStore|Any CPU.ActiveCfg = Release|Any CPU
		{919A3DD8-4D2C-4316-A0EB-729B5E38DE8C}.AppStore|Any CPU.Build.0 = Release|Any CPU
		{919A3DD8-4D2C-4316-A0EB-729B5E38DE8C}.AppStore|ARM.ActiveCfg = Release|Any CPU
		{919A3DD8-4D2C-4316-A0EB-729B5E38DE8C}.AppStore|ARM.Build.0 = Release|Any CPU
		{919A3DD8-4D2C-4316-A0EB-729B5E38DE8C}.AppStore|iPhone.ActiveCfg = Release|Any CPU
		{919A3DD8-4D2C-4316-A0EB-729B5E38DE8C}.AppStore|iPhone.Build.0 = Release|Any CPU
		{919A3DD8-4D2C-4316-A0EB-729B5E38DE8C}.AppStore|iPhoneSimulator.ActiveCfg = Release|Any CPU
		{919A3DD8-4D2C-4316-A0EB-729B5E38DE8C}.AppStore|iPhoneSimulator.Build.0 = Release|Any CPU
		{919A3DD8-4D2C-4316-A0EB-729B5E38DE8C}.AppStore|x64.ActiveCfg = Release|Any CPU
		{919A3DD8-4D2C-4316-A0EB-729B5E38DE8C}.AppStore|x64.Build.0 = Release|Any CPU
		{919A3DD8-4D2C-4316-A0EB-729B5E38DE8C}.AppStore|x86.ActiveCfg = Release|Any CPU
		{919A3DD8-4D2C-4316-A0EB-729B5E38DE8C}.AppStore|x86.Build.0 = Release|Any CPU
		{919A3DD8-4D2C-4316-A0EB-729B5E38DE8C}.Debug|Any CPU.ActiveCfg = Debug|Any CPU
		{919A3DD8-4D2C-4316-A0EB-729B5E38DE8C}.Debug|Any CPU.Build.0 = Debug|Any CPU
		{919A3DD8-4D2C-4316-A0EB-729B5E38DE8C}.Debug|ARM.ActiveCfg = Debug|Any CPU
		{919A3DD8-4D2C-4316-A0EB-729B5E38DE8C}.Debug|ARM.Build.0 = Debug|Any CPU
		{919A3DD8-4D2C-4316-A0EB-729B5E38DE8C}.Debug|iPhone.ActiveCfg = Debug|Any CPU
		{919A3DD8-4D2C-4316-A0EB-729B5E38DE8C}.Debug|iPhone.Build.0 = Debug|Any CPU
		{919A3DD8-4D2C-4316-A0EB-729B5E38DE8C}.Debug|iPhoneSimulator.ActiveCfg = Debug|Any CPU
		{919A3DD8-4D2C-4316-A0EB-729B5E38DE8C}.Debug|iPhoneSimulator.Build.0 = Debug|Any CPU
		{919A3DD8-4D2C-4316-A0EB-729B5E38DE8C}.Debug|x64.ActiveCfg = Debug|Any CPU
		{919A3DD8-4D2C-4316-A0EB-729B5E38DE8C}.Debug|x64.Build.0 = Debug|Any CPU
		{919A3DD8-4D2C-4316-A0EB-729B5E38DE8C}.Debug|x86.ActiveCfg = Debug|Any CPU
		{919A3DD8-4D2C-4316-A0EB-729B5E38DE8C}.Debug|x86.Build.0 = Debug|Any CPU
		{919A3DD8-4D2C-4316-A0EB-729B5E38DE8C}.Release|Any CPU.ActiveCfg = Release|Any CPU
		{919A3DD8-4D2C-4316-A0EB-729B5E38DE8C}.Release|Any CPU.Build.0 = Release|Any CPU
		{919A3DD8-4D2C-4316-A0EB-729B5E38DE8C}.Release|ARM.ActiveCfg = Release|Any CPU
		{919A3DD8-4D2C-4316-A0EB-729B5E38DE8C}.Release|ARM.Build.0 = Release|Any CPU
		{919A3DD8-4D2C-4316-A0EB-729B5E38DE8C}.Release|iPhone.ActiveCfg = Release|Any CPU
		{919A3DD8-4D2C-4316-A0EB-729B5E38DE8C}.Release|iPhone.Build.0 = Release|Any CPU
		{919A3DD8-4D2C-4316-A0EB-729B5E38DE8C}.Release|iPhoneSimulator.ActiveCfg = Release|Any CPU
		{919A3DD8-4D2C-4316-A0EB-729B5E38DE8C}.Release|iPhoneSimulator.Build.0 = Release|Any CPU
		{919A3DD8-4D2C-4316-A0EB-729B5E38DE8C}.Release|x64.ActiveCfg = Release|Any CPU
		{919A3DD8-4D2C-4316-A0EB-729B5E38DE8C}.Release|x64.Build.0 = Release|Any CPU
		{919A3DD8-4D2C-4316-A0EB-729B5E38DE8C}.Release|x86.ActiveCfg = Release|Any CPU
		{919A3DD8-4D2C-4316-A0EB-729B5E38DE8C}.Release|x86.Build.0 = Release|Any CPU
	EndGlobalSection
	GlobalSection(SolutionProperties) = preSolution
		HideSolutionNode = FALSE
	EndGlobalSection
EndGlobal
